// !$*UTF8*$!
{
	archiveVersion = 1;
	classes = {
	};
	objectVersion = 56;
	objects = {

/* Begin PBXBuildFile section */
		52CD64172C5388C4007CA736 /* LearningReduxRxApp.swift in Sources */ = {isa = PBXBuildFile; fileRef = 52CD64162C5388C4007CA736 /* LearningReduxRxApp.swift */; };
		52CD64192C5388C4007CA736 /* CounterView.swift in Sources */ = {isa = PBXBuildFile; fileRef = 52CD64182C5388C4007CA736 /* CounterView.swift */; };
		52CD641B2C5388C5007CA736 /* Assets.xcassets in Resources */ = {isa = PBXBuildFile; fileRef = 52CD641A2C5388C5007CA736 /* Assets.xcassets */; };
		52CD641E2C5388C5007CA736 /* Preview Assets.xcassets in Resources */ = {isa = PBXBuildFile; fileRef = 52CD641D2C5388C5007CA736 /* Preview Assets.xcassets */; };
		52CD64282C5388C5007CA736 /* LearningRedux_RxTests.swift in Sources */ = {isa = PBXBuildFile; fileRef = 52CD64272C5388C5007CA736 /* LearningRedux_RxTests.swift */; };
		52CD64322C5388C5007CA736 /* LearningRedux_RxUITests.swift in Sources */ = {isa = PBXBuildFile; fileRef = 52CD64312C5388C5007CA736 /* LearningRedux_RxUITests.swift */; };
		52CD64342C5388C5007CA736 /* LearningRedux_RxUITestsLaunchTests.swift in Sources */ = {isa = PBXBuildFile; fileRef = 52CD64332C5388C5007CA736 /* LearningRedux_RxUITestsLaunchTests.swift */; };
		52CD64422C5391C6007CA736 /* RxSwift in Frameworks */ = {isa = PBXBuildFile; productRef = 52CD64412C5391C6007CA736 /* RxSwift */; };
		52CD64452C539205007CA736 /* ReSwift in Frameworks */ = {isa = PBXBuildFile; productRef = 52CD64442C539205007CA736 /* ReSwift */; };
		52CD64472C5392DE007CA736 /* RxStore.swift in Sources */ = {isa = PBXBuildFile; fileRef = 52CD64462C5392DE007CA736 /* RxStore.swift */; };
		52CD644A2C539402007CA736 /* RxRelay in Frameworks */ = {isa = PBXBuildFile; productRef = 52CD64492C539402007CA736 /* RxRelay */; };
		52CD644C2C53944D007CA736 /* RxCocoa in Frameworks */ = {isa = PBXBuildFile; productRef = 52CD644B2C53944D007CA736 /* RxCocoa */; };
		52CD644E2C5394E2007CA736 /* AppStore.swift in Sources */ = {isa = PBXBuildFile; fileRef = 52CD644D2C5394E2007CA736 /* AppStore.swift */; };
		52CD64522C5395F7007CA736 /* AppState.swift in Sources */ = {isa = PBXBuildFile; fileRef = 52CD64512C5395F7007CA736 /* AppState.swift */; };
		52CD64542C53960A007CA736 /* CountState.swift in Sources */ = {isa = PBXBuildFile; fileRef = 52CD64532C53960A007CA736 /* CountState.swift */; };
		52CD645D2C53A19C007CA736 /* AppReducer.swift in Sources */ = {isa = PBXBuildFile; fileRef = 52CD645C2C53A19C007CA736 /* AppReducer.swift */; };
		52CD645F2C53A1A8007CA736 /* CountReducer.swift in Sources */ = {isa = PBXBuildFile; fileRef = 52CD645E2C53A1A8007CA736 /* CountReducer.swift */; };
		52CD64612C53D69D007CA736 /* CounterViewModel.swift in Sources */ = {isa = PBXBuildFile; fileRef = 52CD64602C53D69D007CA736 /* CounterViewModel.swift */; };
/* End PBXBuildFile section */

/* Begin PBXContainerItemProxy section */
		52CD64242C5388C5007CA736 /* PBXContainerItemProxy */ = {
			isa = PBXContainerItemProxy;
			containerPortal = 52CD640B2C5388C4007CA736 /* Project object */;
			proxyType = 1;
			remoteGlobalIDString = 52CD64122C5388C4007CA736;
			remoteInfo = "LearningRedux+Rx";
		};
		52CD642E2C5388C5007CA736 /* PBXContainerItemProxy */ = {
			isa = PBXContainerItemProxy;
			containerPortal = 52CD640B2C5388C4007CA736 /* Project object */;
			proxyType = 1;
			remoteGlobalIDString = 52CD64122C5388C4007CA736;
			remoteInfo = "LearningRedux+Rx";
		};
/* End PBXContainerItemProxy section */

/* Begin PBXFileReference section */
		52CD64132C5388C4007CA736 /* LearningRedux+Rx.app */ = {isa = PBXFileReference; explicitFileType = wrapper.application; includeInIndex = 0; path = "LearningRedux+Rx.app"; sourceTree = BUILT_PRODUCTS_DIR; };
		52CD64162C5388C4007CA736 /* LearningReduxRxApp.swift */ = {isa = PBXFileReference; lastKnownFileType = sourcecode.swift; path = LearningReduxRxApp.swift; sourceTree = "<group>"; };
		52CD64182C5388C4007CA736 /* CounterView.swift */ = {isa = PBXFileReference; lastKnownFileType = sourcecode.swift; path = CounterView.swift; sourceTree = "<group>"; };
		52CD641A2C5388C5007CA736 /* Assets.xcassets */ = {isa = PBXFileReference; lastKnownFileType = folder.assetcatalog; path = Assets.xcassets; sourceTree = "<group>"; };
		52CD641D2C5388C5007CA736 /* Preview Assets.xcassets */ = {isa = PBXFileReference; lastKnownFileType = folder.assetcatalog; path = "Preview Assets.xcassets"; sourceTree = "<group>"; };
		52CD64232C5388C5007CA736 /* LearningRedux+RxTests.xctest */ = {isa = PBXFileReference; explicitFileType = wrapper.cfbundle; includeInIndex = 0; path = "LearningRedux+RxTests.xctest"; sourceTree = BUILT_PRODUCTS_DIR; };
		52CD64272C5388C5007CA736 /* LearningRedux_RxTests.swift */ = {isa = PBXFileReference; lastKnownFileType = sourcecode.swift; path = LearningRedux_RxTests.swift; sourceTree = "<group>"; };
		52CD642D2C5388C5007CA736 /* LearningRedux+RxUITests.xctest */ = {isa = PBXFileReference; explicitFileType = wrapper.cfbundle; includeInIndex = 0; path = "LearningRedux+RxUITests.xctest"; sourceTree = BUILT_PRODUCTS_DIR; };
		52CD64312C5388C5007CA736 /* LearningRedux_RxUITests.swift */ = {isa = PBXFileReference; lastKnownFileType = sourcecode.swift; path = LearningRedux_RxUITests.swift; sourceTree = "<group>"; };
		52CD64332C5388C5007CA736 /* LearningRedux_RxUITestsLaunchTests.swift */ = {isa = PBXFileReference; lastKnownFileType = sourcecode.swift; path = LearningRedux_RxUITestsLaunchTests.swift; sourceTree = "<group>"; };
		52CD64462C5392DE007CA736 /* RxStore.swift */ = {isa = PBXFileReference; lastKnownFileType = sourcecode.swift; path = RxStore.swift; sourceTree = "<group>"; };
		52CD644D2C5394E2007CA736 /* AppStore.swift */ = {isa = PBXFileReference; lastKnownFileType = sourcecode.swift; path = AppStore.swift; sourceTree = "<group>"; };
		52CD64512C5395F7007CA736 /* AppState.swift */ = {isa = PBXFileReference; lastKnownFileType = sourcecode.swift; path = AppState.swift; sourceTree = "<group>"; };
		52CD64532C53960A007CA736 /* CountState.swift */ = {isa = PBXFileReference; lastKnownFileType = sourcecode.swift; path = CountState.swift; sourceTree = "<group>"; };
		52CD645C2C53A19C007CA736 /* AppReducer.swift */ = {isa = PBXFileReference; lastKnownFileType = sourcecode.swift; path = AppReducer.swift; sourceTree = "<group>"; };
		52CD645E2C53A1A8007CA736 /* CountReducer.swift */ = {isa = PBXFileReference; lastKnownFileType = sourcecode.swift; path = CountReducer.swift; sourceTree = "<group>"; };
		52CD64602C53D69D007CA736 /* CounterViewModel.swift */ = {isa = PBXFileReference; lastKnownFileType = sourcecode.swift; path = CounterViewModel.swift; sourceTree = "<group>"; };
/* End PBXFileReference section */

/* Begin PBXFrameworksBuildPhase section */
		52CD64102C5388C4007CA736 /* Frameworks */ = {
			isa = PBXFrameworksBuildPhase;
			buildActionMask = 2147483647;
			files = (
				52CD644A2C539402007CA736 /* RxRelay in Frameworks */,
				52CD64422C5391C6007CA736 /* RxSwift in Frameworks */,
				52CD644C2C53944D007CA736 /* RxCocoa in Frameworks */,
				52CD64452C539205007CA736 /* ReSwift in Frameworks */,
			);
			runOnlyForDeploymentPostprocessing = 0;
		};
		52CD64202C5388C5007CA736 /* Frameworks */ = {
			isa = PBXFrameworksBuildPhase;
			buildActionMask = 2147483647;
			files = (
			);
			runOnlyForDeploymentPostprocessing = 0;
		};
		52CD642A2C5388C5007CA736 /* Frameworks */ = {
			isa = PBXFrameworksBuildPhase;
			buildActionMask = 2147483647;
			files = (
			);
			runOnlyForDeploymentPostprocessing = 0;
		};
/* End PBXFrameworksBuildPhase section */

/* Begin PBXGroup section */
		52CD640A2C5388C4007CA736 = {
			isa = PBXGroup;
			children = (
				52CD64152C5388C4007CA736 /* LearningRedux+Rx */,
				52CD64262C5388C5007CA736 /* LearningRedux+RxTests */,
				52CD64302C5388C5007CA736 /* LearningRedux+RxUITests */,
				52CD64142C5388C4007CA736 /* Products */,
				52CD64482C539402007CA736 /* Frameworks */,
			);
			sourceTree = "<group>";
		};
		52CD64142C5388C4007CA736 /* Products */ = {
			isa = PBXGroup;
			children = (
				52CD64132C5388C4007CA736 /* LearningRedux+Rx.app */,
				52CD64232C5388C5007CA736 /* LearningRedux+RxTests.xctest */,
				52CD642D2C5388C5007CA736 /* LearningRedux+RxUITests.xctest */,
			);
			name = Products;
			sourceTree = "<group>";
		};
		52CD64152C5388C4007CA736 /* LearningRedux+Rx */ = {
			isa = PBXGroup;
			children = (
				52CD64162C5388C4007CA736 /* LearningReduxRxApp.swift */,
				52CD64182C5388C4007CA736 /* CounterView.swift */,
				52CD64602C53D69D007CA736 /* CounterViewModel.swift */,
				52CD64562C539AAB007CA736 /* ActionCreator */,
				52CD64552C5398BD007CA736 /* Entity */,
				52CD64572C539B8B007CA736 /* Middleware */,
				52CD645B2C53A18C007CA736 /* Reducer */,
				52CD64502C5395E4007CA736 /* State */,
				52CD644F2C5394EC007CA736 /* Store */,
				52CD641A2C5388C5007CA736 /* Assets.xcassets */,
				52CD641C2C5388C5007CA736 /* Preview Content */,
			);
			path = "LearningRedux+Rx";
			sourceTree = "<group>";
		};
		52CD641C2C5388C5007CA736 /* Preview Content */ = {
			isa = PBXGroup;
			children = (
				52CD641D2C5388C5007CA736 /* Preview Assets.xcassets */,
			);
			path = "Preview Content";
			sourceTree = "<group>";
		};
		52CD64262C5388C5007CA736 /* LearningRedux+RxTests */ = {
			isa = PBXGroup;
			children = (
				52CD64272C5388C5007CA736 /* LearningRedux_RxTests.swift */,
			);
			path = "LearningRedux+RxTests";
			sourceTree = "<group>";
		};
		52CD64302C5388C5007CA736 /* LearningRedux+RxUITests */ = {
			isa = PBXGroup;
			children = (
				52CD64312C5388C5007CA736 /* LearningRedux_RxUITests.swift */,
				52CD64332C5388C5007CA736 /* LearningRedux_RxUITestsLaunchTests.swift */,
			);
			path = "LearningRedux+RxUITests";
			sourceTree = "<group>";
		};
		52CD64482C539402007CA736 /* Frameworks */ = {
			isa = PBXGroup;
			children = (
			);
			name = Frameworks;
			sourceTree = "<group>";
		};
		52CD644F2C5394EC007CA736 /* Store */ = {
			isa = PBXGroup;
			children = (
				52CD644D2C5394E2007CA736 /* AppStore.swift */,
				52CD64462C5392DE007CA736 /* RxStore.swift */,
			);
			path = Store;
			sourceTree = "<group>";
		};
		52CD64502C5395E4007CA736 /* State */ = {
			isa = PBXGroup;
			children = (
				52CD64512C5395F7007CA736 /* AppState.swift */,
				52CD64532C53960A007CA736 /* CountState.swift */,
			);
			path = State;
			sourceTree = "<group>";
		};
		52CD64552C5398BD007CA736 /* Entity */ = {
			isa = PBXGroup;
			children = (
			);
			path = Entity;
			sourceTree = "<group>";
		};
		52CD64562C539AAB007CA736 /* ActionCreator */ = {
			isa = PBXGroup;
			children = (
			);
			path = ActionCreator;
			sourceTree = "<group>";
		};
		52CD64572C539B8B007CA736 /* Middleware */ = {
			isa = PBXGroup;
			children = (
			);
			path = Middleware;
			sourceTree = "<group>";
		};
		52CD645B2C53A18C007CA736 /* Reducer */ = {
			isa = PBXGroup;
			children = (
				52CD645C2C53A19C007CA736 /* AppReducer.swift */,
				52CD645E2C53A1A8007CA736 /* CountReducer.swift */,
			);
			path = Reducer;
			sourceTree = "<group>";
		};
/* End PBXGroup section */

/* Begin PBXNativeTarget section */
		52CD64122C5388C4007CA736 /* LearningRedux+Rx */ = {
			isa = PBXNativeTarget;
			buildConfigurationList = 52CD64372C5388C5007CA736 /* Build configuration list for PBXNativeTarget "LearningRedux+Rx" */;
			buildPhases = (
				52CD640F2C5388C4007CA736 /* Sources */,
				52CD64102C5388C4007CA736 /* Frameworks */,
				52CD64112C5388C4007CA736 /* Resources */,
			);
			buildRules = (
			);
			dependencies = (
			);
			name = "LearningRedux+Rx";
			packageProductDependencies = (
				52CD64412C5391C6007CA736 /* RxSwift */,
				52CD64442C539205007CA736 /* ReSwift */,
				52CD64492C539402007CA736 /* RxRelay */,
				52CD644B2C53944D007CA736 /* RxCocoa */,
			);
			productName = "LearningRedux+Rx";
			productReference = 52CD64132C5388C4007CA736 /* LearningRedux+Rx.app */;
			productType = "com.apple.product-type.application";
		};
		52CD64222C5388C5007CA736 /* LearningRedux+RxTests */ = {
			isa = PBXNativeTarget;
			buildConfigurationList = 52CD643A2C5388C5007CA736 /* Build configuration list for PBXNativeTarget "LearningRedux+RxTests" */;
			buildPhases = (
				52CD641F2C5388C5007CA736 /* Sources */,
				52CD64202C5388C5007CA736 /* Frameworks */,
				52CD64212C5388C5007CA736 /* Resources */,
			);
			buildRules = (
			);
			dependencies = (
				52CD64252C5388C5007CA736 /* PBXTargetDependency */,
			);
			name = "LearningRedux+RxTests";
			productName = "LearningRedux+RxTests";
			productReference = 52CD64232C5388C5007CA736 /* LearningRedux+RxTests.xctest */;
			productType = "com.apple.product-type.bundle.unit-test";
		};
		52CD642C2C5388C5007CA736 /* LearningRedux+RxUITests */ = {
			isa = PBXNativeTarget;
			buildConfigurationList = 52CD643D2C5388C5007CA736 /* Build configuration list for PBXNativeTarget "LearningRedux+RxUITests" */;
			buildPhases = (
				52CD64292C5388C5007CA736 /* Sources */,
				52CD642A2C5388C5007CA736 /* Frameworks */,
				52CD642B2C5388C5007CA736 /* Resources */,
			);
			buildRules = (
			);
			dependencies = (
				52CD642F2C5388C5007CA736 /* PBXTargetDependency */,
			);
			name = "LearningRedux+RxUITests";
			productName = "LearningRedux+RxUITests";
			productReference = 52CD642D2C5388C5007CA736 /* LearningRedux+RxUITests.xctest */;
			productType = "com.apple.product-type.bundle.ui-testing";
		};
/* End PBXNativeTarget section */

/* Begin PBXProject section */
		52CD640B2C5388C4007CA736 /* Project object */ = {
			isa = PBXProject;
			attributes = {
				BuildIndependentTargetsInParallel = 1;
				LastSwiftUpdateCheck = 1540;
				LastUpgradeCheck = 1540;
				TargetAttributes = {
					52CD64122C5388C4007CA736 = {
						CreatedOnToolsVersion = 15.4;
					};
					52CD64222C5388C5007CA736 = {
						CreatedOnToolsVersion = 15.4;
						TestTargetID = 52CD64122C5388C4007CA736;
					};
					52CD642C2C5388C5007CA736 = {
						CreatedOnToolsVersion = 15.4;
						TestTargetID = 52CD64122C5388C4007CA736;
					};
				};
			};
			buildConfigurationList = 52CD640E2C5388C4007CA736 /* Build configuration list for PBXProject "LearningRedux+Rx" */;
			compatibilityVersion = "Xcode 14.0";
			developmentRegion = en;
			hasScannedForEncodings = 0;
			knownRegions = (
				en,
				Base,
			);
			mainGroup = 52CD640A2C5388C4007CA736;
			packageReferences = (
				52CD64402C5391C6007CA736 /* XCRemoteSwiftPackageReference "RxSwift" */,
				52CD64432C539205007CA736 /* XCRemoteSwiftPackageReference "ReSwift" */,
			);
			productRefGroup = 52CD64142C5388C4007CA736 /* Products */;
			projectDirPath = "";
			projectRoot = "";
			targets = (
				52CD64122C5388C4007CA736 /* LearningRedux+Rx */,
				52CD64222C5388C5007CA736 /* LearningRedux+RxTests */,
				52CD642C2C5388C5007CA736 /* LearningRedux+RxUITests */,
			);
		};
/* End PBXProject section */

/* Begin PBXResourcesBuildPhase section */
		52CD64112C5388C4007CA736 /* Resources */ = {
			isa = PBXResourcesBuildPhase;
			buildActionMask = 2147483647;
			files = (
				52CD641E2C5388C5007CA736 /* Preview Assets.xcassets in Resources */,
				52CD641B2C5388C5007CA736 /* Assets.xcassets in Resources */,
			);
			runOnlyForDeploymentPostprocessing = 0;
		};
		52CD64212C5388C5007CA736 /* Resources */ = {
			isa = PBXResourcesBuildPhase;
			buildActionMask = 2147483647;
			files = (
			);
			runOnlyForDeploymentPostprocessing = 0;
		};
		52CD642B2C5388C5007CA736 /* Resources */ = {
			isa = PBXResourcesBuildPhase;
			buildActionMask = 2147483647;
			files = (
			);
			runOnlyForDeploymentPostprocessing = 0;
		};
/* End PBXResourcesBuildPhase section */

/* Begin PBXSourcesBuildPhase section */
		52CD640F2C5388C4007CA736 /* Sources */ = {
			isa = PBXSourcesBuildPhase;
			buildActionMask = 2147483647;
			files = (
				52CD64192C5388C4007CA736 /* CounterView.swift in Sources */,
				52CD64472C5392DE007CA736 /* RxStore.swift in Sources */,
				52CD64612C53D69D007CA736 /* CounterViewModel.swift in Sources */,
				52CD645D2C53A19C007CA736 /* AppReducer.swift in Sources */,
				52CD64522C5395F7007CA736 /* AppState.swift in Sources */,
				52CD644E2C5394E2007CA736 /* AppStore.swift in Sources */,
				52CD645F2C53A1A8007CA736 /* CountReducer.swift in Sources */,
				52CD64172C5388C4007CA736 /* LearningReduxRxApp.swift in Sources */,
				52CD64542C53960A007CA736 /* CountState.swift in Sources */,
			);
			runOnlyForDeploymentPostprocessing = 0;
		};
		52CD641F2C5388C5007CA736 /* Sources */ = {
			isa = PBXSourcesBuildPhase;
			buildActionMask = 2147483647;
			files = (
				52CD64282C5388C5007CA736 /* LearningRedux_RxTests.swift in Sources */,
			);
			runOnlyForDeploymentPostprocessing = 0;
		};
		52CD64292C5388C5007CA736 /* Sources */ = {
			isa = PBXSourcesBuildPhase;
			buildActionMask = 2147483647;
			files = (
				52CD64322C5388C5007CA736 /* LearningRedux_RxUITests.swift in Sources */,
				52CD64342C5388C5007CA736 /* LearningRedux_RxUITestsLaunchTests.swift in Sources */,
			);
			runOnlyForDeploymentPostprocessing = 0;
		};
/* End PBXSourcesBuildPhase section */

/* Begin PBXTargetDependency section */
		52CD64252C5388C5007CA736 /* PBXTargetDependency */ = {
			isa = PBXTargetDependency;
			target = 52CD64122C5388C4007CA736 /* LearningRedux+Rx */;
			targetProxy = 52CD64242C5388C5007CA736 /* PBXContainerItemProxy */;
		};
		52CD642F2C5388C5007CA736 /* PBXTargetDependency */ = {
			isa = PBXTargetDependency;
			target = 52CD64122C5388C4007CA736 /* LearningRedux+Rx */;
			targetProxy = 52CD642E2C5388C5007CA736 /* PBXContainerItemProxy */;
		};
/* End PBXTargetDependency section */

/* Begin XCBuildConfiguration section */
		52CD64352C5388C5007CA736 /* Debug */ = {
			isa = XCBuildConfiguration;
			buildSettings = {
				ALWAYS_SEARCH_USER_PATHS = NO;
				ASSETCATALOG_COMPILER_GENERATE_SWIFT_ASSET_SYMBOL_EXTENSIONS = YES;
				CLANG_ANALYZER_NONNULL = YES;
				CLANG_ANALYZER_NUMBER_OBJECT_CONVERSION = YES_AGGRESSIVE;
				CLANG_CXX_LANGUAGE_STANDARD = "gnu++20";
				CLANG_ENABLE_MODULES = YES;
				CLANG_ENABLE_OBJC_ARC = YES;
				CLANG_ENABLE_OBJC_WEAK = YES;
				CLANG_WARN_BLOCK_CAPTURE_AUTORELEASING = YES;
				CLANG_WARN_BOOL_CONVERSION = YES;
				CLANG_WARN_COMMA = YES;
				CLANG_WARN_CONSTANT_CONVERSION = YES;
				CLANG_WARN_DEPRECATED_OBJC_IMPLEMENTATIONS = YES;
				CLANG_WARN_DIRECT_OBJC_ISA_USAGE = YES_ERROR;
				CLANG_WARN_DOCUMENTATION_COMMENTS = YES;
				CLANG_WARN_EMPTY_BODY = YES;
				CLANG_WARN_ENUM_CONVERSION = YES;
				CLANG_WARN_INFINITE_RECURSION = YES;
				CLANG_WARN_INT_CONVERSION = YES;
				CLANG_WARN_NON_LITERAL_NULL_CONVERSION = YES;
				CLANG_WARN_OBJC_IMPLICIT_RETAIN_SELF = YES;
				CLANG_WARN_OBJC_LITERAL_CONVERSION = YES;
				CLANG_WARN_OBJC_ROOT_CLASS = YES_ERROR;
				CLANG_WARN_QUOTED_INCLUDE_IN_FRAMEWORK_HEADER = YES;
				CLANG_WARN_RANGE_LOOP_ANALYSIS = YES;
				CLANG_WARN_STRICT_PROTOTYPES = YES;
				CLANG_WARN_SUSPICIOUS_MOVE = YES;
				CLANG_WARN_UNGUARDED_AVAILABILITY = YES_AGGRESSIVE;
				CLANG_WARN_UNREACHABLE_CODE = YES;
				CLANG_WARN__DUPLICATE_METHOD_MATCH = YES;
				COPY_PHASE_STRIP = NO;
				DEBUG_INFORMATION_FORMAT = dwarf;
				ENABLE_STRICT_OBJC_MSGSEND = YES;
				ENABLE_TESTABILITY = YES;
				ENABLE_USER_SCRIPT_SANDBOXING = YES;
				GCC_C_LANGUAGE_STANDARD = gnu17;
				GCC_DYNAMIC_NO_PIC = NO;
				GCC_NO_COMMON_BLOCKS = YES;
				GCC_OPTIMIZATION_LEVEL = 0;
				GCC_PREPROCESSOR_DEFINITIONS = (
					"DEBUG=1",
					"$(inherited)",
				);
				GCC_WARN_64_TO_32_BIT_CONVERSION = YES;
				GCC_WARN_ABOUT_RETURN_TYPE = YES_ERROR;
				GCC_WARN_UNDECLARED_SELECTOR = YES;
				GCC_WARN_UNINITIALIZED_AUTOS = YES_AGGRESSIVE;
				GCC_WARN_UNUSED_FUNCTION = YES;
				GCC_WARN_UNUSED_VARIABLE = YES;
				IPHONEOS_DEPLOYMENT_TARGET = 17.5;
				LOCALIZATION_PREFERS_STRING_CATALOGS = YES;
				MTL_ENABLE_DEBUG_INFO = INCLUDE_SOURCE;
				MTL_FAST_MATH = YES;
				ONLY_ACTIVE_ARCH = YES;
				SDKROOT = iphoneos;
				SWIFT_ACTIVE_COMPILATION_CONDITIONS = "DEBUG $(inherited)";
				SWIFT_OPTIMIZATION_LEVEL = "-Onone";
			};
			name = Debug;
		};
		52CD64362C5388C5007CA736 /* Release */ = {
			isa = XCBuildConfiguration;
			buildSettings = {
				ALWAYS_SEARCH_USER_PATHS = NO;
				ASSETCATALOG_COMPILER_GENERATE_SWIFT_ASSET_SYMBOL_EXTENSIONS = YES;
				CLANG_ANALYZER_NONNULL = YES;
				CLANG_ANALYZER_NUMBER_OBJECT_CONVERSION = YES_AGGRESSIVE;
				CLANG_CXX_LANGUAGE_STANDARD = "gnu++20";
				CLANG_ENABLE_MODULES = YES;
				CLANG_ENABLE_OBJC_ARC = YES;
				CLANG_ENABLE_OBJC_WEAK = YES;
				CLANG_WARN_BLOCK_CAPTURE_AUTORELEASING = YES;
				CLANG_WARN_BOOL_CONVERSION = YES;
				CLANG_WARN_COMMA = YES;
				CLANG_WARN_CONSTANT_CONVERSION = YES;
				CLANG_WARN_DEPRECATED_OBJC_IMPLEMENTATIONS = YES;
				CLANG_WARN_DIRECT_OBJC_ISA_USAGE = YES_ERROR;
				CLANG_WARN_DOCUMENTATION_COMMENTS = YES;
				CLANG_WARN_EMPTY_BODY = YES;
				CLANG_WARN_ENUM_CONVERSION = YES;
				CLANG_WARN_INFINITE_RECURSION = YES;
				CLANG_WARN_INT_CONVERSION = YES;
				CLANG_WARN_NON_LITERAL_NULL_CONVERSION = YES;
				CLANG_WARN_OBJC_IMPLICIT_RETAIN_SELF = YES;
				CLANG_WARN_OBJC_LITERAL_CONVERSION = YES;
				CLANG_WARN_OBJC_ROOT_CLASS = YES_ERROR;
				CLANG_WARN_QUOTED_INCLUDE_IN_FRAMEWORK_HEADER = YES;
				CLANG_WARN_RANGE_LOOP_ANALYSIS = YES;
				CLANG_WARN_STRICT_PROTOTYPES = YES;
				CLANG_WARN_SUSPICIOUS_MOVE = YES;
				CLANG_WARN_UNGUARDED_AVAILABILITY = YES_AGGRESSIVE;
				CLANG_WARN_UNREACHABLE_CODE = YES;
				CLANG_WARN__DUPLICATE_METHOD_MATCH = YES;
				COPY_PHASE_STRIP = NO;
				DEBUG_INFORMATION_FORMAT = "dwarf-with-dsym";
				ENABLE_NS_ASSERTIONS = NO;
				ENABLE_STRICT_OBJC_MSGSEND = YES;
				ENABLE_USER_SCRIPT_SANDBOXING = YES;
				GCC_C_LANGUAGE_STANDARD = gnu17;
				GCC_NO_COMMON_BLOCKS = YES;
				GCC_WARN_64_TO_32_BIT_CONVERSION = YES;
				GCC_WARN_ABOUT_RETURN_TYPE = YES_ERROR;
				GCC_WARN_UNDECLARED_SELECTOR = YES;
				GCC_WARN_UNINITIALIZED_AUTOS = YES_AGGRESSIVE;
				GCC_WARN_UNUSED_FUNCTION = YES;
				GCC_WARN_UNUSED_VARIABLE = YES;
				IPHONEOS_DEPLOYMENT_TARGET = 17.5;
				LOCALIZATION_PREFERS_STRING_CATALOGS = YES;
				MTL_ENABLE_DEBUG_INFO = NO;
				MTL_FAST_MATH = YES;
				SDKROOT = iphoneos;
				SWIFT_COMPILATION_MODE = wholemodule;
				VALIDATE_PRODUCT = YES;
			};
			name = Release;
		};
		52CD64382C5388C5007CA736 /* Debug */ = {
			isa = XCBuildConfiguration;
			buildSettings = {
				ASSETCATALOG_COMPILER_APPICON_NAME = AppIcon;
				ASSETCATALOG_COMPILER_GLOBAL_ACCENT_COLOR_NAME = AccentColor;
				CODE_SIGN_STYLE = Automatic;
				CURRENT_PROJECT_VERSION = 1;
				DEVELOPMENT_ASSET_PATHS = "\"LearningRedux+Rx/Preview Content\"";
				ENABLE_PREVIEWS = YES;
				GENERATE_INFOPLIST_FILE = YES;
				INFOPLIST_KEY_UIApplicationSceneManifest_Generation = YES;
				INFOPLIST_KEY_UIApplicationSupportsIndirectInputEvents = YES;
				INFOPLIST_KEY_UILaunchScreen_Generation = YES;
				INFOPLIST_KEY_UISupportedInterfaceOrientations_iPad = "UIInterfaceOrientationPortrait UIInterfaceOrientationPortraitUpsideDown UIInterfaceOrientationLandscapeLeft UIInterfaceOrientationLandscapeRight";
				INFOPLIST_KEY_UISupportedInterfaceOrientations_iPhone = "UIInterfaceOrientationPortrait UIInterfaceOrientationLandscapeLeft UIInterfaceOrientationLandscapeRight";
				LD_RUNPATH_SEARCH_PATHS = (
					"$(inherited)",
					"@executable_path/Frameworks",
				);
				MARKETING_VERSION = 1.0;
				PRODUCT_BUNDLE_IDENTIFIER = "com.taichone.LearningRedux-Rx";
				PRODUCT_NAME = "$(TARGET_NAME)";
				SWIFT_EMIT_LOC_STRINGS = YES;
				SWIFT_VERSION = 5.0;
				TARGETED_DEVICE_FAMILY = "1,2";
			};
			name = Debug;
		};
		52CD64392C5388C5007CA736 /* Release */ = {
			isa = XCBuildConfiguration;
			buildSettings = {
				ASSETCATALOG_COMPILER_APPICON_NAME = AppIcon;
				ASSETCATALOG_COMPILER_GLOBAL_ACCENT_COLOR_NAME = AccentColor;
				CODE_SIGN_STYLE = Automatic;
				CURRENT_PROJECT_VERSION = 1;
				DEVELOPMENT_ASSET_PATHS = "\"LearningRedux+Rx/Preview Content\"";
				ENABLE_PREVIEWS = YES;
				GENERATE_INFOPLIST_FILE = YES;
				INFOPLIST_KEY_UIApplicationSceneManifest_Generation = YES;
				INFOPLIST_KEY_UIApplicationSupportsIndirectInputEvents = YES;
				INFOPLIST_KEY_UILaunchScreen_Generation = YES;
				INFOPLIST_KEY_UISupportedInterfaceOrientations_iPad = "UIInterfaceOrientationPortrait UIInterfaceOrientationPortraitUpsideDown UIInterfaceOrientationLandscapeLeft UIInterfaceOrientationLandscapeRight";
				INFOPLIST_KEY_UISupportedInterfaceOrientations_iPhone = "UIInterfaceOrientationPortrait UIInterfaceOrientationLandscapeLeft UIInterfaceOrientationLandscapeRight";
				LD_RUNPATH_SEARCH_PATHS = (
					"$(inherited)",
					"@executable_path/Frameworks",
				);
				MARKETING_VERSION = 1.0;
				PRODUCT_BUNDLE_IDENTIFIER = "com.taichone.LearningRedux-Rx";
				PRODUCT_NAME = "$(TARGET_NAME)";
				SWIFT_EMIT_LOC_STRINGS = YES;
				SWIFT_VERSION = 5.0;
				TARGETED_DEVICE_FAMILY = "1,2";
			};
			name = Release;
		};
		52CD643B2C5388C5007CA736 /* Debug */ = {
			isa = XCBuildConfiguration;
			buildSettings = {
				ALWAYS_EMBED_SWIFT_STANDARD_LIBRARIES = YES;
				BUNDLE_LOADER = "$(TEST_HOST)";
				CODE_SIGN_STYLE = Automatic;
				CURRENT_PROJECT_VERSION = 1;
				GENERATE_INFOPLIST_FILE = YES;
				IPHONEOS_DEPLOYMENT_TARGET = 17.5;
				MARKETING_VERSION = 1.0;
				PRODUCT_BUNDLE_IDENTIFIER = "com.taichone.LearningRedux-RxTests";
				PRODUCT_NAME = "$(TARGET_NAME)";
				SWIFT_EMIT_LOC_STRINGS = NO;
				SWIFT_VERSION = 5.0;
				TARGETED_DEVICE_FAMILY = "1,2";
				TEST_HOST = "$(BUILT_PRODUCTS_DIR)/LearningRedux+Rx.app/$(BUNDLE_EXECUTABLE_FOLDER_PATH)/LearningRedux+Rx";
			};
			name = Debug;
		};
		52CD643C2C5388C5007CA736 /* Release */ = {
			isa = XCBuildConfiguration;
			buildSettings = {
				ALWAYS_EMBED_SWIFT_STANDARD_LIBRARIES = YES;
				BUNDLE_LOADER = "$(TEST_HOST)";
				CODE_SIGN_STYLE = Automatic;
				CURRENT_PROJECT_VERSION = 1;
				GENERATE_INFOPLIST_FILE = YES;
				IPHONEOS_DEPLOYMENT_TARGET = 17.5;
				MARKETING_VERSION = 1.0;
				PRODUCT_BUNDLE_IDENTIFIER = "com.taichone.LearningRedux-RxTests";
				PRODUCT_NAME = "$(TARGET_NAME)";
				SWIFT_EMIT_LOC_STRINGS = NO;
				SWIFT_VERSION = 5.0;
				TARGETED_DEVICE_FAMILY = "1,2";
				TEST_HOST = "$(BUILT_PRODUCTS_DIR)/LearningRedux+Rx.app/$(BUNDLE_EXECUTABLE_FOLDER_PATH)/LearningRedux+Rx";
			};
			name = Release;
		};
		52CD643E2C5388C5007CA736 /* Debug */ = {
			isa = XCBuildConfiguration;
			buildSettings = {
				ALWAYS_EMBED_SWIFT_STANDARD_LIBRARIES = YES;
				CODE_SIGN_STYLE = Automatic;
				CURRENT_PROJECT_VERSION = 1;
				GENERATE_INFOPLIST_FILE = YES;
				MARKETING_VERSION = 1.0;
				PRODUCT_BUNDLE_IDENTIFIER = "com.taichone.LearningRedux-RxUITests";
				PRODUCT_NAME = "$(TARGET_NAME)";
				SWIFT_EMIT_LOC_STRINGS = NO;
				SWIFT_VERSION = 5.0;
				TARGETED_DEVICE_FAMILY = "1,2";
				TEST_TARGET_NAME = "LearningRedux+Rx";
			};
			name = Debug;
		};
		52CD643F2C5388C5007CA736 /* Release */ = {
			isa = XCBuildConfiguration;
			buildSettings = {
				ALWAYS_EMBED_SWIFT_STANDARD_LIBRARIES = YES;
				CODE_SIGN_STYLE = Automatic;
				CURRENT_PROJECT_VERSION = 1;
				GENERATE_INFOPLIST_FILE = YES;
				MARKETING_VERSION = 1.0;
				PRODUCT_BUNDLE_IDENTIFIER = "com.taichone.LearningRedux-RxUITests";
				PRODUCT_NAME = "$(TARGET_NAME)";
				SWIFT_EMIT_LOC_STRINGS = NO;
				SWIFT_VERSION = 5.0;
				TARGETED_DEVICE_FAMILY = "1,2";
				TEST_TARGET_NAME = "LearningRedux+Rx";
			};
			name = Release;
		};
/* End XCBuildConfiguration section */

/* Begin XCConfigurationList section */
		52CD640E2C5388C4007CA736 /* Build configuration list for PBXProject "LearningRedux+Rx" */ = {
			isa = XCConfigurationList;
			buildConfigurations = (
				52CD64352C5388C5007CA736 /* Debug */,
				52CD64362C5388C5007CA736 /* Release */,
			);
			defaultConfigurationIsVisible = 0;
			defaultConfigurationName = Release;
		};
		52CD64372C5388C5007CA736 /* Build configuration list for PBXNativeTarget "LearningRedux+Rx" */ = {
			isa = XCConfigurationList;
			buildConfigurations = (
				52CD64382C5388C5007CA736 /* Debug */,
				52CD64392C5388C5007CA736 /* Release */,
			);
			defaultConfigurationIsVisible = 0;
			defaultConfigurationName = Release;
		};
		52CD643A2C5388C5007CA736 /* Build configuration list for PBXNativeTarget "LearningRedux+RxTests" */ = {
			isa = XCConfigurationList;
			buildConfigurations = (
				52CD643B2C5388C5007CA736 /* Debug */,
				52CD643C2C5388C5007CA736 /* Release */,
			);
			defaultConfigurationIsVisible = 0;
			defaultConfigurationName = Release;
		};
		52CD643D2C5388C5007CA736 /* Build configuration list for PBXNativeTarget "LearningRedux+RxUITests" */ = {
			isa = XCConfigurationList;
			buildConfigurations = (
				52CD643E2C5388C5007CA736 /* Debug */,
				52CD643F2C5388C5007CA736 /* Release */,
			);
			defaultConfigurationIsVisible = 0;
			defaultConfigurationName = Release;
		};
/* End XCConfigurationList section */

/* Begin XCRemoteSwiftPackageReference section */
		52CD64402C5391C6007CA736 /* XCRemoteSwiftPackageReference "RxSwift" */ = {
			isa = XCRemoteSwiftPackageReference;
			repositoryURL = "https://github.com/ReactiveX/RxSwift";
			requirement = {
				kind = upToNextMajorVersion;
				minimumVersion = 6.7.1;
			};
		};
		52CD64432C539205007CA736 /* XCRemoteSwiftPackageReference "ReSwift" */ = {
			isa = XCRemoteSwiftPackageReference;
			repositoryURL = "https://github.com/ReSwift/ReSwift.git";
			requirement = {
				kind = upToNextMajorVersion;
				minimumVersion = 6.1.1;
			};
		};
/* End XCRemoteSwiftPackageReference section */

/* Begin XCSwiftPackageProductDependency section */
		52CD64412C5391C6007CA736 /* RxSwift */ = {
			isa = XCSwiftPackageProductDependency;
			package = 52CD64402C5391C6007CA736 /* XCRemoteSwiftPackageReference "RxSwift" */;
			productName = RxSwift;
		};
		52CD64442C539205007CA736 /* ReSwift */ = {
			isa = XCSwiftPackageProductDependency;
			package = 52CD64432C539205007CA736 /* XCRemoteSwiftPackageReference "ReSwift" */;
			productName = ReSwift;
		};
		52CD64492C539402007CA736 /* RxRelay */ = {
			isa = XCSwiftPackageProductDependency;
			package = 52CD64402C5391C6007CA736 /* XCRemoteSwiftPackageReference "RxSwift" */;
			productName = RxRelay;
		};
		52CD644B2C53944D007CA736 /* RxCocoa */ = {
			isa = XCSwiftPackageProductDependency;
			package = 52CD64402C5391C6007CA736 /* XCRemoteSwiftPackageReference "RxSwift" */;
			productName = RxCocoa;
		};
/* End XCSwiftPackageProductDependency section */
	};
	rootObject = 52CD640B2C5388C4007CA736 /* Project object */;
}
